// !$*UTF8*$!
{
	archiveVersion = 1;
	classes = {
	};
	objectVersion = 50;
	objects = {

/* Begin PBXBuildFile section */
		D51A5B3A239EE23400C0E801 /* ApiError.swift in Sources */ = {isa = PBXBuildFile; fileRef = D51A5B38239EE23400C0E801 /* ApiError.swift */; };
		D51A5B3B239EE23400C0E801 /* ApiClient.swift in Sources */ = {isa = PBXBuildFile; fileRef = D51A5B39239EE23400C0E801 /* ApiClient.swift */; };
		D51A5B3E239EE50100C0E801 /* ExchangeRate.swift in Sources */ = {isa = PBXBuildFile; fileRef = D51A5B3D239EE50100C0E801 /* ExchangeRate.swift */; };
		D51A5B40239F013C00C0E801 /* Rate.swift in Sources */ = {isa = PBXBuildFile; fileRef = D51A5B3F239F013C00C0E801 /* Rate.swift */; };
		D51A5B43239F078100C0E801 /* DateFormatter+Format.swift in Sources */ = {isa = PBXBuildFile; fileRef = D51A5B42239F078100C0E801 /* DateFormatter+Format.swift */; };
		D51A5B46239F361D00C0E801 /* ExchangeRatesTableVC.swift in Sources */ = {isa = PBXBuildFile; fileRef = D51A5B45239F361D00C0E801 /* ExchangeRatesTableVC.swift */; };
		D51A5B49239F3D5400C0E801 /* ExchangeRatesViewModel.swift in Sources */ = {isa = PBXBuildFile; fileRef = D51A5B48239F3D5400C0E801 /* ExchangeRatesViewModel.swift */; };
		D57A5DB9239FE3B700FD24AC /* ExchangeRateGraphVC.swift in Sources */ = {isa = PBXBuildFile; fileRef = D57A5DB8239FE3B700FD24AC /* ExchangeRateGraphVC.swift */; };
		D57A5DC823A03F2600FD24AC /* HistoryRate.swift in Sources */ = {isa = PBXBuildFile; fileRef = D57A5DC723A03F2600FD24AC /* HistoryRate.swift */; };
		D57A5DCA23A03F2D00FD24AC /* ExchangeRateGraphViewModel.swift in Sources */ = {isa = PBXBuildFile; fileRef = D57A5DC923A03F2D00FD24AC /* ExchangeRateGraphViewModel.swift */; };
		D5D4D45D239E974E00390637 /* AppDelegate.swift in Sources */ = {isa = PBXBuildFile; fileRef = D5D4D45C239E974E00390637 /* AppDelegate.swift */; };
		D5D4D45F239E974E00390637 /* SceneDelegate.swift in Sources */ = {isa = PBXBuildFile; fileRef = D5D4D45E239E974E00390637 /* SceneDelegate.swift */; };
		D5D4D464239E974E00390637 /* Main.storyboard in Resources */ = {isa = PBXBuildFile; fileRef = D5D4D462239E974E00390637 /* Main.storyboard */; };
		D5D4D466239E974F00390637 /* Assets.xcassets in Resources */ = {isa = PBXBuildFile; fileRef = D5D4D465239E974F00390637 /* Assets.xcassets */; };
		D5D4D469239E974F00390637 /* LaunchScreen.storyboard in Resources */ = {isa = PBXBuildFile; fileRef = D5D4D467239E974F00390637 /* LaunchScreen.storyboard */; };
/* End PBXBuildFile section */

/* Begin PBXFileReference section */
		D51A5B38239EE23400C0E801 /* ApiError.swift */ = {isa = PBXFileReference; fileEncoding = 4; lastKnownFileType = sourcecode.swift; path = ApiError.swift; sourceTree = "<group>"; };
		D51A5B39239EE23400C0E801 /* ApiClient.swift */ = {isa = PBXFileReference; fileEncoding = 4; lastKnownFileType = sourcecode.swift; path = ApiClient.swift; sourceTree = "<group>"; };
		D51A5B3D239EE50100C0E801 /* ExchangeRate.swift */ = {isa = PBXFileReference; lastKnownFileType = sourcecode.swift; path = ExchangeRate.swift; sourceTree = "<group>"; };
		D51A5B3F239F013C00C0E801 /* Rate.swift */ = {isa = PBXFileReference; lastKnownFileType = sourcecode.swift; path = Rate.swift; sourceTree = "<group>"; };
		D51A5B42239F078100C0E801 /* DateFormatter+Format.swift */ = {isa = PBXFileReference; fileEncoding = 4; lastKnownFileType = sourcecode.swift; path = "DateFormatter+Format.swift"; sourceTree = "<group>"; };
		D51A5B45239F361D00C0E801 /* ExchangeRatesTableVC.swift */ = {isa = PBXFileReference; lastKnownFileType = sourcecode.swift; path = ExchangeRatesTableVC.swift; sourceTree = "<group>"; };
		D51A5B48239F3D5400C0E801 /* ExchangeRatesViewModel.swift */ = {isa = PBXFileReference; lastKnownFileType = sourcecode.swift; path = ExchangeRatesViewModel.swift; sourceTree = "<group>"; };
		D57A5DB8239FE3B700FD24AC /* ExchangeRateGraphVC.swift */ = {isa = PBXFileReference; fileEncoding = 4; lastKnownFileType = sourcecode.swift; path = ExchangeRateGraphVC.swift; sourceTree = "<group>"; };
		D57A5DC723A03F2600FD24AC /* HistoryRate.swift */ = {isa = PBXFileReference; fileEncoding = 4; lastKnownFileType = sourcecode.swift; path = HistoryRate.swift; sourceTree = "<group>"; };
		D57A5DC923A03F2D00FD24AC /* ExchangeRateGraphViewModel.swift */ = {isa = PBXFileReference; fileEncoding = 4; lastKnownFileType = sourcecode.swift; path = ExchangeRateGraphViewModel.swift; sourceTree = "<group>"; };
		D5D4D459239E974E00390637 /* ExchangeRates.app */ = {isa = PBXFileReference; explicitFileType = wrapper.application; includeInIndex = 0; path = ExchangeRates.app; sourceTree = BUILT_PRODUCTS_DIR; };
		D5D4D45C239E974E00390637 /* AppDelegate.swift */ = {isa = PBXFileReference; lastKnownFileType = sourcecode.swift; path = AppDelegate.swift; sourceTree = "<group>"; };
		D5D4D45E239E974E00390637 /* SceneDelegate.swift */ = {isa = PBXFileReference; lastKnownFileType = sourcecode.swift; path = SceneDelegate.swift; sourceTree = "<group>"; };
		D5D4D463239E974E00390637 /* Base */ = {isa = PBXFileReference; lastKnownFileType = file.storyboard; name = Base; path = Base.lproj/Main.storyboard; sourceTree = "<group>"; };
		D5D4D465239E974F00390637 /* Assets.xcassets */ = {isa = PBXFileReference; lastKnownFileType = folder.assetcatalog; path = Assets.xcassets; sourceTree = "<group>"; };
		D5D4D468239E974F00390637 /* Base */ = {isa = PBXFileReference; lastKnownFileType = file.storyboard; name = Base; path = Base.lproj/LaunchScreen.storyboard; sourceTree = "<group>"; };
		D5D4D46A239E974F00390637 /* Info.plist */ = {isa = PBXFileReference; lastKnownFileType = text.plist.xml; path = Info.plist; sourceTree = "<group>"; };
/* End PBXFileReference section */

/* Begin PBXFrameworksBuildPhase section */
		D5D4D456239E974E00390637 /* Frameworks */ = {
			isa = PBXFrameworksBuildPhase;
			buildActionMask = 2147483647;
			files = (
			);
			runOnlyForDeploymentPostprocessing = 0;
		};
/* End PBXFrameworksBuildPhase section */

/* Begin PBXGroup section */
		D51A5B37239EE23400C0E801 /* API */ = {
			isa = PBXGroup;
			children = (
				D51A5B38239EE23400C0E801 /* ApiError.swift */,
				D51A5B39239EE23400C0E801 /* ApiClient.swift */,
			);
			path = API;
			sourceTree = "<group>";
		};
		D51A5B3C239EE4B600C0E801 /* Model */ = {
			isa = PBXGroup;
			children = (
				D51A5B3D239EE50100C0E801 /* ExchangeRate.swift */,
				D57A5DC723A03F2600FD24AC /* HistoryRate.swift */,
				D51A5B3F239F013C00C0E801 /* Rate.swift */,
			);
			path = Model;
			sourceTree = "<group>";
		};
		D51A5B41239F078100C0E801 /* Extension */ = {
			isa = PBXGroup;
			children = (
				D51A5B42239F078100C0E801 /* DateFormatter+Format.swift */,
			);
			path = Extension;
			sourceTree = "<group>";
		};
		D51A5B44239F35A000C0E801 /* ViewController */ = {
			isa = PBXGroup;
			children = (
				D51A5B45239F361D00C0E801 /* ExchangeRatesTableVC.swift */,
				D57A5DB8239FE3B700FD24AC /* ExchangeRateGraphVC.swift */,
			);
			path = ViewController;
			sourceTree = "<group>";
		};
		D51A5B47239F3CEF00C0E801 /* DataModel */ = {
			isa = PBXGroup;
			children = (
				D51A5B48239F3D5400C0E801 /* ExchangeRatesViewModel.swift */,
				D57A5DC923A03F2D00FD24AC /* ExchangeRateGraphViewModel.swift */,
			);
			path = DataModel;
			sourceTree = "<group>";
		};
		D5D4D450239E974E00390637 = {
			isa = PBXGroup;
			children = (
				D5D4D45B239E974E00390637 /* ExchangeRates */,
				D5D4D45A239E974E00390637 /* Products */,
			);
			sourceTree = "<group>";
		};
		D5D4D45A239E974E00390637 /* Products */ = {
			isa = PBXGroup;
			children = (
				D5D4D459239E974E00390637 /* ExchangeRates.app */,
			);
			name = Products;
			sourceTree = "<group>";
		};
		D5D4D45B239E974E00390637 /* ExchangeRates */ = {
			isa = PBXGroup;
			children = (
				D5D4D45C239E974E00390637 /* AppDelegate.swift */,
				D5D4D45E239E974E00390637 /* SceneDelegate.swift */,
				D51A5B3C239EE4B600C0E801 /* Model */,
				D51A5B47239F3CEF00C0E801 /* DataModel */,
				D51A5B44239F35A000C0E801 /* ViewController */,
				D51A5B41239F078100C0E801 /* Extension */,
				D51A5B37239EE23400C0E801 /* API */,
				D5D4D462239E974E00390637 /* Main.storyboard */,
				D5D4D465239E974F00390637 /* Assets.xcassets */,
				D5D4D467239E974F00390637 /* LaunchScreen.storyboard */,
				D5D4D46A239E974F00390637 /* Info.plist */,
			);
			path = ExchangeRates;
			sourceTree = "<group>";
		};
/* End PBXGroup section */

/* Begin PBXNativeTarget section */
		D5D4D458239E974E00390637 /* ExchangeRates */ = {
			isa = PBXNativeTarget;
			buildConfigurationList = D5D4D46D239E974F00390637 /* Build configuration list for PBXNativeTarget "ExchangeRates" */;
			buildPhases = (
				D5D4D455239E974E00390637 /* Sources */,
				D5D4D456239E974E00390637 /* Frameworks */,
				D5D4D457239E974E00390637 /* Resources */,
			);
			buildRules = (
			);
			dependencies = (
			);
			name = ExchangeRates;
			productName = ExchangeRates;
			productReference = D5D4D459239E974E00390637 /* ExchangeRates.app */;
			productType = "com.apple.product-type.application";
		};
/* End PBXNativeTarget section */

/* Begin PBXProject section */
		D5D4D451239E974E00390637 /* Project object */ = {
			isa = PBXProject;
			attributes = {
				LastSwiftUpdateCheck = 1120;
				LastUpgradeCheck = 1120;
				ORGANIZATIONNAME = "Anton Morozov";
				TargetAttributes = {
					D5D4D458239E974E00390637 = {
						CreatedOnToolsVersion = 11.2.1;
					};
				};
			};
			buildConfigurationList = D5D4D454239E974E00390637 /* Build configuration list for PBXProject "ExchangeRates" */;
			compatibilityVersion = "Xcode 9.3";
			developmentRegion = en;
			hasScannedForEncodings = 0;
			knownRegions = (
				en,
				Base,
			);
			mainGroup = D5D4D450239E974E00390637;
			productRefGroup = D5D4D45A239E974E00390637 /* Products */;
			projectDirPath = "";
			projectRoot = "";
			targets = (
				D5D4D458239E974E00390637 /* ExchangeRates */,
			);
		};
/* End PBXProject section */

/* Begin PBXResourcesBuildPhase section */
		D5D4D457239E974E00390637 /* Resources */ = {
			isa = PBXResourcesBuildPhase;
			buildActionMask = 2147483647;
			files = (
				D5D4D469239E974F00390637 /* LaunchScreen.storyboard in Resources */,
				D5D4D466239E974F00390637 /* Assets.xcassets in Resources */,
				D5D4D464239E974E00390637 /* Main.storyboard in Resources */,
			);
			runOnlyForDeploymentPostprocessing = 0;
		};
/* End PBXResourcesBuildPhase section */

/* Begin PBXSourcesBuildPhase section */
		D5D4D455239E974E00390637 /* Sources */ = {
			isa = PBXSourcesBuildPhase;
			buildActionMask = 2147483647;
			files = (
				D57A5DB9239FE3B700FD24AC /* ExchangeRateGraphVC.swift in Sources */,
				D51A5B3A239EE23400C0E801 /* ApiError.swift in Sources */,
				D51A5B46239F361D00C0E801 /* ExchangeRatesTableVC.swift in Sources */,
				D57A5DC823A03F2600FD24AC /* HistoryRate.swift in Sources */,
				D57A5DCA23A03F2D00FD24AC /* ExchangeRateGraphViewModel.swift in Sources */,
				D5D4D45D239E974E00390637 /* AppDelegate.swift in Sources */,
				D51A5B43239F078100C0E801 /* DateFormatter+Format.swift in Sources */,
				D51A5B40239F013C00C0E801 /* Rate.swift in Sources */,
				D51A5B49239F3D5400C0E801 /* ExchangeRatesViewModel.swift in Sources */,
				D5D4D45F239E974E00390637 /* SceneDelegate.swift in Sources */,
				D51A5B3E239EE50100C0E801 /* ExchangeRate.swift in Sources */,
				D51A5B3B239EE23400C0E801 /* ApiClient.swift in Sources */,
			);
			runOnlyForDeploymentPostprocessing = 0;
		};
/* End PBXSourcesBuildPhase section */

/* Begin PBXVariantGroup section */
		D5D4D462239E974E00390637 /* Main.storyboard */ = {
			isa = PBXVariantGroup;
			children = (
				D5D4D463239E974E00390637 /* Base */,
			);
			name = Main.storyboard;
			sourceTree = "<group>";
		};
		D5D4D467239E974F00390637 /* LaunchScreen.storyboard */ = {
			isa = PBXVariantGroup;
			children = (
				D5D4D468239E974F00390637 /* Base */,
			);
			name = LaunchScreen.storyboard;
			sourceTree = "<group>";
		};
/* End PBXVariantGroup section */

/* Begin XCBuildConfiguration section */
		D5D4D46B239E974F00390637 /* Debug */ = {
			isa = XCBuildConfiguration;
			buildSettings = {
				ALWAYS_SEARCH_USER_PATHS = NO;
				CLANG_ANALYZER_NONNULL = YES;
				CLANG_ANALYZER_NUMBER_OBJECT_CONVERSION = YES_AGGRESSIVE;
				CLANG_CXX_LANGUAGE_STANDARD = "gnu++14";
				CLANG_CXX_LIBRARY = "libc++";
				CLANG_ENABLE_MODULES = YES;
				CLANG_ENABLE_OBJC_ARC = YES;
				CLANG_ENABLE_OBJC_WEAK = YES;
				CLANG_WARN_BLOCK_CAPTURE_AUTORELEASING = YES;
				CLANG_WARN_BOOL_CONVERSION = YES;
				CLANG_WARN_COMMA = YES;
				CLANG_WARN_CONSTANT_CONVERSION = YES;
				CLANG_WARN_DEPRECATED_OBJC_IMPLEMENTATIONS = YES;
				CLANG_WARN_DIRECT_OBJC_ISA_USAGE = YES_ERROR;
				CLANG_WARN_DOCUMENTATION_COMMENTS = YES;
				CLANG_WARN_EMPTY_BODY = YES;
				CLANG_WARN_ENUM_CONVERSION = YES;
				CLANG_WARN_INFINITE_RECURSION = YES;
				CLANG_WARN_INT_CONVERSION = YES;
				CLANG_WARN_NON_LITERAL_NULL_CONVERSION = YES;
				CLANG_WARN_OBJC_IMPLICIT_RETAIN_SELF = YES;
				CLANG_WARN_OBJC_LITERAL_CONVERSION = YES;
				CLANG_WARN_OBJC_ROOT_CLASS = YES_ERROR;
				CLANG_WARN_RANGE_LOOP_ANALYSIS = YES;
				CLANG_WARN_STRICT_PROTOTYPES = YES;
				CLANG_WARN_SUSPICIOUS_MOVE = YES;
				CLANG_WARN_UNGUARDED_AVAILABILITY = YES_AGGRESSIVE;
				CLANG_WARN_UNREACHABLE_CODE = YES;
				CLANG_WARN__DUPLICATE_METHOD_MATCH = YES;
				COPY_PHASE_STRIP = NO;
				DEBUG_INFORMATION_FORMAT = dwarf;
				ENABLE_STRICT_OBJC_MSGSEND = YES;
				ENABLE_TESTABILITY = YES;
				GCC_C_LANGUAGE_STANDARD = gnu11;
				GCC_DYNAMIC_NO_PIC = NO;
				GCC_NO_COMMON_BLOCKS = YES;
				GCC_OPTIMIZATION_LEVEL = 0;
				GCC_PREPROCESSOR_DEFINITIONS = (
					"DEBUG=1",
					"$(inherited)",
				);
				GCC_WARN_64_TO_32_BIT_CONVERSION = YES;
				GCC_WARN_ABOUT_RETURN_TYPE = YES_ERROR;
				GCC_WARN_UNDECLARED_SELECTOR = YES;
				GCC_WARN_UNINITIALIZED_AUTOS = YES_AGGRESSIVE;
				GCC_WARN_UNUSED_FUNCTION = YES;
				GCC_WARN_UNUSED_VARIABLE = YES;
				IPHONEOS_DEPLOYMENT_TARGET = 13.2;
				MTL_ENABLE_DEBUG_INFO = INCLUDE_SOURCE;
				MTL_FAST_MATH = YES;
				ONLY_ACTIVE_ARCH = YES;
				SDKROOT = iphoneos;
				SWIFT_ACTIVE_COMPILATION_CONDITIONS = DEBUG;
				SWIFT_OPTIMIZATION_LEVEL = "-Onone";
			};
			name = Debug;
		};
		D5D4D46C239E974F00390637 /* Release */ = {
			isa = XCBuildConfiguration;
			buildSettings = {
				ALWAYS_SEARCH_USER_PATHS = NO;
				CLANG_ANALYZER_NONNULL = YES;
				CLANG_ANALYZER_NUMBER_OBJECT_CONVERSION = YES_AGGRESSIVE;
				CLANG_CXX_LANGUAGE_STANDARD = "gnu++14";
				CLANG_CXX_LIBRARY = "libc++";
				CLANG_ENABLE_MODULES = YES;
				CLANG_ENABLE_OBJC_ARC = YES;
				CLANG_ENABLE_OBJC_WEAK = YES;
				CLANG_WARN_BLOCK_CAPTURE_AUTORELEASING = YES;
				CLANG_WARN_BOOL_CONVERSION = YES;
				CLANG_WARN_COMMA = YES;
				CLANG_WARN_CONSTANT_CONVERSION = YES;
				CLANG_WARN_DEPRECATED_OBJC_IMPLEMENTATIONS = YES;
				CLANG_WARN_DIRECT_OBJC_ISA_USAGE = YES_ERROR;
				CLANG_WARN_DOCUMENTATION_COMMENTS = YES;
				CLANG_WARN_EMPTY_BODY = YES;
				CLANG_WARN_ENUM_CONVERSION = YES;
				CLANG_WARN_INFINITE_RECURSION = YES;
				CLANG_WARN_INT_CONVERSION = YES;
				CLANG_WARN_NON_LITERAL_NULL_CONVERSION = YES;
				CLANG_WARN_OBJC_IMPLICIT_RETAIN_SELF = YES;
				CLANG_WARN_OBJC_LITERAL_CONVERSION = YES;
				CLANG_WARN_OBJC_ROOT_CLASS = YES_ERROR;
				CLANG_WARN_RANGE_LOOP_ANALYSIS = YES;
				CLANG_WARN_STRICT_PROTOTYPES = YES;
				CLANG_WARN_SUSPICIOUS_MOVE = YES;
				CLANG_WARN_UNGUARDED_AVAILABILITY = YES_AGGRESSIVE;
				CLANG_WARN_UNREACHABLE_CODE = YES;
				CLANG_WARN__DUPLICATE_METHOD_MATCH = YES;
				COPY_PHASE_STRIP = NO;
				DEBUG_INFORMATION_FORMAT = "dwarf-with-dsym";
				ENABLE_NS_ASSERTIONS = NO;
				ENABLE_STRICT_OBJC_MSGSEND = YES;
				GCC_C_LANGUAGE_STANDARD = gnu11;
				GCC_NO_COMMON_BLOCKS = YES;
				GCC_WARN_64_TO_32_BIT_CONVERSION = YES;
				GCC_WARN_ABOUT_RETURN_TYPE = YES_ERROR;
				GCC_WARN_UNDECLARED_SELECTOR = YES;
				GCC_WARN_UNINITIALIZED_AUTOS = YES_AGGRESSIVE;
				GCC_WARN_UNUSED_FUNCTION = YES;
				GCC_WARN_UNUSED_VARIABLE = YES;
				IPHONEOS_DEPLOYMENT_TARGET = 13.2;
				MTL_ENABLE_DEBUG_INFO = NO;
				MTL_FAST_MATH = YES;
				SDKROOT = iphoneos;
				SWIFT_COMPILATION_MODE = wholemodule;
				SWIFT_OPTIMIZATION_LEVEL = "-O";
				VALIDATE_PRODUCT = YES;
			};
			name = Release;
		};
		D5D4D46E239E974F00390637 /* Debug */ = {
			isa = XCBuildConfiguration;
			buildSettings = {
				ASSETCATALOG_COMPILER_APPICON_NAME = AppIcon;
				CODE_SIGN_STYLE = Automatic;
				INFOPLIST_FILE = ExchangeRates/Info.plist;
				LD_RUNPATH_SEARCH_PATHS = (
					"$(inherited)",
					"@executable_path/Frameworks",
				);
				PRODUCT_BUNDLE_IDENTIFIER = com.demo.ExchangeRates;
				PRODUCT_NAME = "$(TARGET_NAME)";
				SWIFT_VERSION = 5.0;
				TARGETED_DEVICE_FAMILY = "1,2";
			};
			name = Debug;
		};
		D5D4D46F239E974F00390637 /* Release */ = {
			isa = XCBuildConfiguration;
			buildSettings = {
				ASSETCATALOG_COMPILER_APPICON_NAME = AppIcon;
				CODE_SIGN_STYLE = Automatic;
				INFOPLIST_FILE = ExchangeRates/Info.plist;
				LD_RUNPATH_SEARCH_PATHS = (
					"$(inherited)",
					"@executable_path/Frameworks",
				);
				PRODUCT_BUNDLE_IDENTIFIER = com.demo.ExchangeRates;
				PRODUCT_NAME = "$(TARGET_NAME)";
				SWIFT_VERSION = 5.0;
				TARGETED_DEVICE_FAMILY = "1,2";
			};
			name = Release;
		};
/* End XCBuildConfiguration section */

/* Begin XCConfigurationList section */
		D5D4D454239E974E00390637 /* Build configuration list for PBXProject "ExchangeRates" */ = {
			isa = XCConfigurationList;
			buildConfigurations = (
				D5D4D46B239E974F00390637 /* Debug */,
				D5D4D46C239E974F00390637 /* Release */,
			);
			defaultConfigurationIsVisible = 0;
			defaultConfigurationName = Release;
		};
		D5D4D46D239E974F00390637 /* Build configuration list for PBXNativeTarget "ExchangeRates" */ = {
			isa = XCConfigurationList;
			buildConfigurations = (
				D5D4D46E239E974F00390637 /* Debug */,
				D5D4D46F239E974F00390637 /* Release */,
			);
			defaultConfigurationIsVisible = 0;
			defaultConfigurationName = Release;
		};
/* End XCConfigurationList section */
	};
	rootObject = D5D4D451239E974E00390637 /* Project object */;
}
